
Microsoft Visual Studio Solution File, Format Version 12.00
# Visual Studio Version 17
VisualStudioVersion = 17.11.35327.3
MinimumVisualStudioVersion = 10.0.40219.1
Project("{9A19103F-16F7-4668-BE54-9A1E7A4F7556}") = "YugiohCardMaker.Server", "YugiohCardMaker.Server\YugiohCardMaker.Server.csproj", "{8284964C-90F2-4D82-8040-59153502F806}"
EndProject
Project("{54A90642-561A-4BB1-A94E-469ADEE60C69}") = "yugiohcardmaker.client", "yugiohcardmaker.client\yugiohcardmaker.client.esproj", "{6FE4A7DE-61CB-429B-A7E5-E8836973E8B9}"
	ProjectSection(ProjectDependencies) = postProject
		{8284964C-90F2-4D82-8040-59153502F806} = {8284964C-90F2-4D82-8040-59153502F806}
	EndProjectSection
EndProject
Project("{2150E333-8FDC-42A3-9474-1A3956D46DE8}") = "Solution Items", "Solution Items", "{61C76209-A590-4821-ABED-349A8CF967A3}"
	ProjectSection(SolutionItems) = preProject
		.editorconfig = .editorconfig
	EndProjectSection
EndProject
Global
	GlobalSection(SolutionConfigurationPlatforms) = preSolution
		Debug|Any CPU = Debug|Any CPU
		Release|Any CPU = Release|Any CPU
	EndGlobalSection
	GlobalSection(ProjectConfigurationPlatforms) = postSolution
		{8284964C-90F2-4D82-8040-59153502F806}.Debug|Any CPU.ActiveCfg = Debug|Any CPU
		{8284964C-90F2-4D82-8040-59153502F806}.Debug|Any CPU.Build.0 = Debug|Any CPU
		{8284964C-90F2-4D82-8040-59153502F806}.Release|Any CPU.ActiveCfg = Release|Any CPU
		{8284964C-90F2-4D82-8040-59153502F806}.Release|Any CPU.Build.0 = Release|Any CPU
		{6FE4A7DE-61CB-429B-A7E5-E8836973E8B9}.Debug|Any CPU.ActiveCfg = Debug|Any CPU
		{6FE4A7DE-61CB-429B-A7E5-E8836973E8B9}.Debug|Any CPU.Build.0 = Debug|Any CPU
		{6FE4A7DE-61CB-429B-A7E5-E8836973E8B9}.Debug|Any CPU.Deploy.0 = Debug|Any CPU
		{6FE4A7DE-61CB-429B-A7E5-E8836973E8B9}.Release|Any CPU.ActiveCfg = Release|Any CPU
		{6FE4A7DE-61CB-429B-A7E5-E8836973E8B9}.Release|Any CPU.Build.0 = Release|Any CPU
		{6FE4A7DE-61CB-429B-A7E5-E8836973E8B9}.Release|Any CPU.Deploy.0 = Release|Any CPU
	EndGlobalSection
	GlobalSection(SolutionProperties) = preSolution
		HideSolutionNode = FALSE
	EndGlobalSection
	GlobalSection(ExtensibilityGlobals) = postSolution
		SolutionGuid = {9DE1C43A-F86A-46D9-84A3-476D734A7906}
	EndGlobalSection
EndGlobal
